// !$*UTF8*$!
{
	archiveVersion = 1;
	classes = {
	};
	objectVersion = 56;
	objects = {

/* Begin PBXBuildFile section */
		2A00F18A2CA002550099AD9D /* String+ext.swift in Sources */ = {isa = PBXBuildFile; fileRef = 2A00F1892CA002550099AD9D /* String+ext.swift */; };
		2A00F18E2CA02D120099AD9D /* AppDB.xcdatamodeld in Sources */ = {isa = PBXBuildFile; fileRef = 2A00F18C2CA02D120099AD9D /* AppDB.xcdatamodeld */; };
		2A024D442CA1F131009FF681 /* PriceAndOfferDetailsView.swift in Sources */ = {isa = PBXBuildFile; fileRef = 2A024D432CA1F131009FF681 /* PriceAndOfferDetailsView.swift */; };
		2A153A7E2C9E8F690009761F /* RadioButtonView.swift in Sources */ = {isa = PBXBuildFile; fileRef = 2A153A7D2C9E8F690009761F /* RadioButtonView.swift */; };
		2A153A812C9EC45F0009761F /* OfferCollectionViewCell.swift in Sources */ = {isa = PBXBuildFile; fileRef = 2A153A802C9EC45F0009761F /* OfferCollectionViewCell.swift */; };
		2A153A832C9EC5D90009761F /* OfferCellViewModel.swift in Sources */ = {isa = PBXBuildFile; fileRef = 2A153A822C9EC5D90009761F /* OfferCellViewModel.swift */; };
		2A153A882C9EE1260009761F /* LinearLayoutCell.swift in Sources */ = {isa = PBXBuildFile; fileRef = 2A153A872C9EE1260009761F /* LinearLayoutCell.swift */; };
		2A153A8A2C9F07EE0009761F /* AvailableColorsView.swift in Sources */ = {isa = PBXBuildFile; fileRef = 2A153A892C9F07EE0009761F /* AvailableColorsView.swift */; };
		2A153A8C2C9F27330009761F /* LinearLayoutCellViewModel.swift in Sources */ = {isa = PBXBuildFile; fileRef = 2A153A8B2C9F27330009761F /* LinearLayoutCellViewModel.swift */; };
		2A153A8E2C9F32520009761F /* AvailableColorsViewModel.swift in Sources */ = {isa = PBXBuildFile; fileRef = 2A153A8D2C9F32520009761F /* AvailableColorsViewModel.swift */; };
		2A1C10F82C9DE4DF00CC59A5 /* OfferSectionHeaderView.swift in Sources */ = {isa = PBXBuildFile; fileRef = 2A1C10F72C9DE4DF00CC59A5 /* OfferSectionHeaderView.swift */; };
		2A1C10FD2C9DEC7F00CC59A5 /* DesignSystem in Frameworks */ = {isa = PBXBuildFile; productRef = 2A1C10FC2C9DEC7F00CC59A5 /* DesignSystem */; };
		2A1C10FF2C9DEF0D00CC59A5 /* OfferSectionFooterView.swift in Sources */ = {isa = PBXBuildFile; fileRef = 2A1C10FE2C9DEF0D00CC59A5 /* OfferSectionFooterView.swift */; };
		2A32C7222CA1309300E0575E /* ProductData+CoreDataProperties.swift in Sources */ = {isa = PBXBuildFile; fileRef = 2A32C7212CA1309000E0575E /* ProductData+CoreDataProperties.swift */; };
		2A32C7232CA1309300E0575E /* ProductData+CoreDataClass.swift in Sources */ = {isa = PBXBuildFile; fileRef = 2A32C7202CA1309000E0575E /* ProductData+CoreDataClass.swift */; };
		2A32C7252CA13A2B00E0575E /* WaterfallLayoutCell.swift in Sources */ = {isa = PBXBuildFile; fileRef = 2A32C7242CA13A2B00E0575E /* WaterfallLayoutCell.swift */; };
		2A32C7272CA13C6500E0575E /* WaterfallLayoutCellViewModel.swift in Sources */ = {isa = PBXBuildFile; fileRef = 2A32C7262CA13C6500E0575E /* WaterfallLayoutCellViewModel.swift */; };
		2A32C7292CA13D1000E0575E /* WaterfallCompositionalFlowLayout.swift in Sources */ = {isa = PBXBuildFile; fileRef = 2A32C7282CA13D1000E0575E /* WaterfallCompositionalFlowLayout.swift */; };
		2A44413C2C9D7C320003A9C5 /* Constants.swift in Sources */ = {isa = PBXBuildFile; fileRef = 2A44413B2C9D7C320003A9C5 /* Constants.swift */; };
		2A44417C2C9DA2600003A9C5 /* ZChip in Frameworks */ = {isa = PBXBuildFile; productRef = 2A44417B2C9DA2600003A9C5 /* ZChip */; };
		2A4BF4172C9BEC4C00C96C35 /* AppDelegate.swift in Sources */ = {isa = PBXBuildFile; fileRef = 2A4BF4162C9BEC4C00C96C35 /* AppDelegate.swift */; };
		2A4BF4192C9BEC4C00C96C35 /* SceneDelegate.swift in Sources */ = {isa = PBXBuildFile; fileRef = 2A4BF4182C9BEC4C00C96C35 /* SceneDelegate.swift */; };
		2A4BF41B2C9BEC4C00C96C35 /* HomeScreenVC.swift in Sources */ = {isa = PBXBuildFile; fileRef = 2A4BF41A2C9BEC4C00C96C35 /* HomeScreenVC.swift */; };
		2A4BF4202C9BEC4D00C96C35 /* Assets.xcassets in Resources */ = {isa = PBXBuildFile; fileRef = 2A4BF41F2C9BEC4D00C96C35 /* Assets.xcassets */; };
		2A4BF4232C9BEC4D00C96C35 /* Base in Resources */ = {isa = PBXBuildFile; fileRef = 2A4BF4222C9BEC4D00C96C35 /* Base */; };
		2A4BF42E2C9BEC4D00C96C35 /* ZStoreTests.swift in Sources */ = {isa = PBXBuildFile; fileRef = 2A4BF42D2C9BEC4D00C96C35 /* ZStoreTests.swift */; };
		2A4BF4382C9BEC4D00C96C35 /* ZStoreUITests.swift in Sources */ = {isa = PBXBuildFile; fileRef = 2A4BF4372C9BEC4D00C96C35 /* ZStoreUITests.swift */; };
		2A4BF43A2C9BEC4D00C96C35 /* ZStoreUITestsLaunchTests.swift in Sources */ = {isa = PBXBuildFile; fileRef = 2A4BF4392C9BEC4D00C96C35 /* ZStoreUITestsLaunchTests.swift */; };
		2A4BF4812C9BFB9F00C96C35 /* HomeScreenViewModel.swift in Sources */ = {isa = PBXBuildFile; fileRef = 2A4BF4802C9BFB9F00C96C35 /* HomeScreenViewModel.swift */; };
		2A57786C2CA2F08A0000C427 /* HomeScreenHelper.swift in Sources */ = {isa = PBXBuildFile; fileRef = 2A57786B2CA2F08A0000C427 /* HomeScreenHelper.swift */; };
		2A8F9A552C9E87A30091DC5D /* FabView.swift in Sources */ = {isa = PBXBuildFile; fileRef = 2A8F9A542C9E87A30091DC5D /* FabView.swift */; };
		2A9A28FE2C9C862C002A08C5 /* FilterView.swift in Sources */ = {isa = PBXBuildFile; fileRef = 2A9A28FD2C9C862C002A08C5 /* FilterView.swift */; };
		2A9A293F2C9CAD32002A08C5 /* HomeScreenResponse.swift in Sources */ = {isa = PBXBuildFile; fileRef = 2A9A293E2C9CAD32002A08C5 /* HomeScreenResponse.swift */; };
		2AB5096A2CA03AE5003A3209 /* DBManager.swift in Sources */ = {isa = PBXBuildFile; fileRef = 2AB509692CA03AE5003A3209 /* DBManager.swift */; };
		2AB5096D2CA041E1003A3209 /* HomeScreenDataManager.swift in Sources */ = {isa = PBXBuildFile; fileRef = 2AB5096C2CA041E1003A3209 /* HomeScreenDataManager.swift */; };
		2AB509A22CA04867003A3209 /* CategoryData+CoreDataClass.swift in Sources */ = {isa = PBXBuildFile; fileRef = 2AB5099C2CA04867003A3209 /* CategoryData+CoreDataClass.swift */; };
		2AB509A32CA04867003A3209 /* CategoryData+CoreDataProperties.swift in Sources */ = {isa = PBXBuildFile; fileRef = 2AB5099D2CA04867003A3209 /* CategoryData+CoreDataProperties.swift */; };
		2AB509A42CA04867003A3209 /* CardOfferData+CoreDataClass.swift in Sources */ = {isa = PBXBuildFile; fileRef = 2AB5099E2CA04867003A3209 /* CardOfferData+CoreDataClass.swift */; };
		2AB509A52CA04867003A3209 /* CardOfferData+CoreDataProperties.swift in Sources */ = {isa = PBXBuildFile; fileRef = 2AB5099F2CA04867003A3209 /* CardOfferData+CoreDataProperties.swift */; };
		2AB509AB2CA04E69003A3209 /* DBQueries.swift in Sources */ = {isa = PBXBuildFile; fileRef = 2AB509AA2CA04E69003A3209 /* DBQueries.swift */; };
		2AB509B62CA0A301003A3209 /* LinearCompositionalFlowLayout.swift in Sources */ = {isa = PBXBuildFile; fileRef = 2AB509B52CA0A301003A3209 /* LinearCompositionalFlowLayout.swift */; };
		2AC34A142CA33F7C002EE1CB /* Array+ext.swift in Sources */ = {isa = PBXBuildFile; fileRef = 2AC34A132CA33F7C002EE1CB /* Array+ext.swift */; };
		2AC34A182CA340B5002EE1CB /* NetworkManager in Frameworks */ = {isa = PBXBuildFile; productRef = 2AC34A172CA340B5002EE1CB /* NetworkManager */; };
		2AEDD3CB2CA31A450046DEF5 /* WaterfallCompositionalLayout.swift in Sources */ = {isa = PBXBuildFile; fileRef = 2AEDD3C72CA31A450046DEF5 /* WaterfallCompositionalLayout.swift */; };
		2AEDD3CC2CA31A450046DEF5 /* WaterfallTrueCompositionalLayout+LayoutBuilder.swift in Sources */ = {isa = PBXBuildFile; fileRef = 2AEDD3C82CA31A450046DEF5 /* WaterfallTrueCompositionalLayout+LayoutBuilder.swift */; };
		2AEDD3CD2CA31A450046DEF5 /* WaterfallTrueCompositionalLayout.swift in Sources */ = {isa = PBXBuildFile; fileRef = 2AEDD3C92CA31A450046DEF5 /* WaterfallTrueCompositionalLayout.swift */; };
/* End PBXBuildFile section */

/* Begin PBXContainerItemProxy section */
		2A4BF42A2C9BEC4D00C96C35 /* PBXContainerItemProxy */ = {
			isa = PBXContainerItemProxy;
			containerPortal = 2A4BF40B2C9BEC4C00C96C35 /* Project object */;
			proxyType = 1;
			remoteGlobalIDString = 2A4BF4122C9BEC4C00C96C35;
			remoteInfo = ZStore;
		};
		2A4BF4342C9BEC4D00C96C35 /* PBXContainerItemProxy */ = {
			isa = PBXContainerItemProxy;
			containerPortal = 2A4BF40B2C9BEC4C00C96C35 /* Project object */;
			proxyType = 1;
			remoteGlobalIDString = 2A4BF4122C9BEC4C00C96C35;
			remoteInfo = ZStore;
		};
/* End PBXContainerItemProxy section */

/* Begin PBXFileReference section */
		2A00F1892CA002550099AD9D /* String+ext.swift */ = {isa = PBXFileReference; lastKnownFileType = sourcecode.swift; path = "String+ext.swift"; sourceTree = "<group>"; };
		2A00F18D2CA02D120099AD9D /* AppDB.xcdatamodel */ = {isa = PBXFileReference; lastKnownFileType = wrapper.xcdatamodel; path = AppDB.xcdatamodel; sourceTree = "<group>"; };
		2A024D432CA1F131009FF681 /* PriceAndOfferDetailsView.swift */ = {isa = PBXFileReference; lastKnownFileType = sourcecode.swift; path = PriceAndOfferDetailsView.swift; sourceTree = "<group>"; };
		2A153A7D2C9E8F690009761F /* RadioButtonView.swift */ = {isa = PBXFileReference; lastKnownFileType = sourcecode.swift; path = RadioButtonView.swift; sourceTree = "<group>"; };
		2A153A802C9EC45F0009761F /* OfferCollectionViewCell.swift */ = {isa = PBXFileReference; lastKnownFileType = sourcecode.swift; path = OfferCollectionViewCell.swift; sourceTree = "<group>"; };
		2A153A822C9EC5D90009761F /* OfferCellViewModel.swift */ = {isa = PBXFileReference; lastKnownFileType = sourcecode.swift; path = OfferCellViewModel.swift; sourceTree = "<group>"; };
		2A153A872C9EE1260009761F /* LinearLayoutCell.swift */ = {isa = PBXFileReference; lastKnownFileType = sourcecode.swift; path = LinearLayoutCell.swift; sourceTree = "<group>"; };
		2A153A892C9F07EE0009761F /* AvailableColorsView.swift */ = {isa = PBXFileReference; lastKnownFileType = sourcecode.swift; path = AvailableColorsView.swift; sourceTree = "<group>"; };
		2A153A8B2C9F27330009761F /* LinearLayoutCellViewModel.swift */ = {isa = PBXFileReference; lastKnownFileType = sourcecode.swift; path = LinearLayoutCellViewModel.swift; sourceTree = "<group>"; };
		2A153A8D2C9F32520009761F /* AvailableColorsViewModel.swift */ = {isa = PBXFileReference; lastKnownFileType = sourcecode.swift; path = AvailableColorsViewModel.swift; sourceTree = "<group>"; };
		2A1C10F72C9DE4DF00CC59A5 /* OfferSectionHeaderView.swift */ = {isa = PBXFileReference; lastKnownFileType = sourcecode.swift; path = OfferSectionHeaderView.swift; sourceTree = "<group>"; };
		2A1C10FB2C9DEAAC00CC59A5 /* DesignSystem */ = {isa = PBXFileReference; lastKnownFileType = wrapper; path = DesignSystem; sourceTree = "<group>"; };
		2A1C10FE2C9DEF0D00CC59A5 /* OfferSectionFooterView.swift */ = {isa = PBXFileReference; lastKnownFileType = sourcecode.swift; path = OfferSectionFooterView.swift; sourceTree = "<group>"; };
		2A32C7202CA1309000E0575E /* ProductData+CoreDataClass.swift */ = {isa = PBXFileReference; lastKnownFileType = sourcecode.swift; path = "ProductData+CoreDataClass.swift"; sourceTree = "<group>"; };
		2A32C7212CA1309000E0575E /* ProductData+CoreDataProperties.swift */ = {isa = PBXFileReference; lastKnownFileType = sourcecode.swift; path = "ProductData+CoreDataProperties.swift"; sourceTree = "<group>"; };
		2A32C7242CA13A2B00E0575E /* WaterfallLayoutCell.swift */ = {isa = PBXFileReference; lastKnownFileType = sourcecode.swift; path = WaterfallLayoutCell.swift; sourceTree = "<group>"; };
		2A32C7262CA13C6500E0575E /* WaterfallLayoutCellViewModel.swift */ = {isa = PBXFileReference; lastKnownFileType = sourcecode.swift; path = WaterfallLayoutCellViewModel.swift; sourceTree = "<group>"; };
		2A32C7282CA13D1000E0575E /* WaterfallCompositionalFlowLayout.swift */ = {isa = PBXFileReference; lastKnownFileType = sourcecode.swift; path = WaterfallCompositionalFlowLayout.swift; sourceTree = "<group>"; };
		2A44413B2C9D7C320003A9C5 /* Constants.swift */ = {isa = PBXFileReference; lastKnownFileType = sourcecode.swift; path = Constants.swift; sourceTree = "<group>"; };
		2A44417A2C9D922B0003A9C5 /* ZChip */ = {isa = PBXFileReference; lastKnownFileType = wrapper; path = ZChip; sourceTree = "<group>"; };
		2A4BF4132C9BEC4C00C96C35 /* ZStore.app */ = {isa = PBXFileReference; explicitFileType = wrapper.application; includeInIndex = 0; path = ZStore.app; sourceTree = BUILT_PRODUCTS_DIR; };
		2A4BF4162C9BEC4C00C96C35 /* AppDelegate.swift */ = {isa = PBXFileReference; lastKnownFileType = sourcecode.swift; path = AppDelegate.swift; sourceTree = "<group>"; };
		2A4BF4182C9BEC4C00C96C35 /* SceneDelegate.swift */ = {isa = PBXFileReference; lastKnownFileType = sourcecode.swift; path = SceneDelegate.swift; sourceTree = "<group>"; };
		2A4BF41A2C9BEC4C00C96C35 /* HomeScreenVC.swift */ = {isa = PBXFileReference; lastKnownFileType = sourcecode.swift; path = HomeScreenVC.swift; sourceTree = "<group>"; };
		2A4BF41F2C9BEC4D00C96C35 /* Assets.xcassets */ = {isa = PBXFileReference; lastKnownFileType = folder.assetcatalog; path = Assets.xcassets; sourceTree = "<group>"; };
		2A4BF4222C9BEC4D00C96C35 /* Base */ = {isa = PBXFileReference; lastKnownFileType = file.storyboard; name = Base; path = Base.lproj/LaunchScreen.storyboard; sourceTree = "<group>"; };
		2A4BF4242C9BEC4D00C96C35 /* Info.plist */ = {isa = PBXFileReference; lastKnownFileType = text.plist.xml; path = Info.plist; sourceTree = "<group>"; };
		2A4BF4292C9BEC4D00C96C35 /* ZStoreTests.xctest */ = {isa = PBXFileReference; explicitFileType = wrapper.cfbundle; includeInIndex = 0; path = ZStoreTests.xctest; sourceTree = BUILT_PRODUCTS_DIR; };
		2A4BF42D2C9BEC4D00C96C35 /* ZStoreTests.swift */ = {isa = PBXFileReference; lastKnownFileType = sourcecode.swift; path = ZStoreTests.swift; sourceTree = "<group>"; };
		2A4BF4332C9BEC4D00C96C35 /* ZStoreUITests.xctest */ = {isa = PBXFileReference; explicitFileType = wrapper.cfbundle; includeInIndex = 0; path = ZStoreUITests.xctest; sourceTree = BUILT_PRODUCTS_DIR; };
		2A4BF4372C9BEC4D00C96C35 /* ZStoreUITests.swift */ = {isa = PBXFileReference; lastKnownFileType = sourcecode.swift; path = ZStoreUITests.swift; sourceTree = "<group>"; };
		2A4BF4392C9BEC4D00C96C35 /* ZStoreUITestsLaunchTests.swift */ = {isa = PBXFileReference; lastKnownFileType = sourcecode.swift; path = ZStoreUITestsLaunchTests.swift; sourceTree = "<group>"; };
		2A4BF4802C9BFB9F00C96C35 /* HomeScreenViewModel.swift */ = {isa = PBXFileReference; lastKnownFileType = sourcecode.swift; path = HomeScreenViewModel.swift; sourceTree = "<group>"; };
		2A57786B2CA2F08A0000C427 /* HomeScreenHelper.swift */ = {isa = PBXFileReference; lastKnownFileType = sourcecode.swift; path = HomeScreenHelper.swift; sourceTree = "<group>"; };
		2A8F9A542C9E87A30091DC5D /* FabView.swift */ = {isa = PBXFileReference; lastKnownFileType = sourcecode.swift; path = FabView.swift; sourceTree = "<group>"; };
		2A9A28FD2C9C862C002A08C5 /* FilterView.swift */ = {isa = PBXFileReference; lastKnownFileType = sourcecode.swift; path = FilterView.swift; sourceTree = "<group>"; };
		2A9A293E2C9CAD32002A08C5 /* HomeScreenResponse.swift */ = {isa = PBXFileReference; lastKnownFileType = sourcecode.swift; path = HomeScreenResponse.swift; sourceTree = "<group>"; };
		2AB509692CA03AE5003A3209 /* DBManager.swift */ = {isa = PBXFileReference; lastKnownFileType = sourcecode.swift; path = DBManager.swift; sourceTree = "<group>"; };
		2AB5096C2CA041E1003A3209 /* HomeScreenDataManager.swift */ = {isa = PBXFileReference; lastKnownFileType = sourcecode.swift; path = HomeScreenDataManager.swift; sourceTree = "<group>"; };
		2AB5099C2CA04867003A3209 /* CategoryData+CoreDataClass.swift */ = {isa = PBXFileReference; lastKnownFileType = sourcecode.swift; path = "CategoryData+CoreDataClass.swift"; sourceTree = "<group>"; };
		2AB5099D2CA04867003A3209 /* CategoryData+CoreDataProperties.swift */ = {isa = PBXFileReference; lastKnownFileType = sourcecode.swift; path = "CategoryData+CoreDataProperties.swift"; sourceTree = "<group>"; };
		2AB5099E2CA04867003A3209 /* CardOfferData+CoreDataClass.swift */ = {isa = PBXFileReference; lastKnownFileType = sourcecode.swift; path = "CardOfferData+CoreDataClass.swift"; sourceTree = "<group>"; };
		2AB5099F2CA04867003A3209 /* CardOfferData+CoreDataProperties.swift */ = {isa = PBXFileReference; lastKnownFileType = sourcecode.swift; path = "CardOfferData+CoreDataProperties.swift"; sourceTree = "<group>"; };
		2AB509AA2CA04E69003A3209 /* DBQueries.swift */ = {isa = PBXFileReference; lastKnownFileType = sourcecode.swift; path = DBQueries.swift; sourceTree = "<group>"; };
		2AB509B52CA0A301003A3209 /* LinearCompositionalFlowLayout.swift */ = {isa = PBXFileReference; lastKnownFileType = sourcecode.swift; path = LinearCompositionalFlowLayout.swift; sourceTree = "<group>"; };
		2AC34A132CA33F7C002EE1CB /* Array+ext.swift */ = {isa = PBXFileReference; lastKnownFileType = sourcecode.swift; path = "Array+ext.swift"; sourceTree = "<group>"; };
		2AC34A162CA34074002EE1CB /* NetworkManager */ = {isa = PBXFileReference; lastKnownFileType = wrapper; path = NetworkManager; sourceTree = "<group>"; };
		2AEDD3C72CA31A450046DEF5 /* WaterfallCompositionalLayout.swift */ = {isa = PBXFileReference; fileEncoding = 4; lastKnownFileType = sourcecode.swift; path = WaterfallCompositionalLayout.swift; sourceTree = "<group>"; };
		2AEDD3C82CA31A450046DEF5 /* WaterfallTrueCompositionalLayout+LayoutBuilder.swift */ = {isa = PBXFileReference; fileEncoding = 4; lastKnownFileType = sourcecode.swift; path = "WaterfallTrueCompositionalLayout+LayoutBuilder.swift"; sourceTree = "<group>"; };
		2AEDD3C92CA31A450046DEF5 /* WaterfallTrueCompositionalLayout.swift */ = {isa = PBXFileReference; fileEncoding = 4; lastKnownFileType = sourcecode.swift; path = WaterfallTrueCompositionalLayout.swift; sourceTree = "<group>"; };
/* End PBXFileReference section */

/* Begin PBXFrameworksBuildPhase section */
		2A4BF4102C9BEC4C00C96C35 /* Frameworks */ = {
			isa = PBXFrameworksBuildPhase;
			buildActionMask = 2147483647;
			files = (
				2A1C10FD2C9DEC7F00CC59A5 /* DesignSystem in Frameworks */,
				2A44417C2C9DA2600003A9C5 /* ZChip in Frameworks */,
				2AC34A182CA340B5002EE1CB /* NetworkManager in Frameworks */,
			);
			runOnlyForDeploymentPostprocessing = 0;
		};
		2A4BF4262C9BEC4D00C96C35 /* Frameworks */ = {
			isa = PBXFrameworksBuildPhase;
			buildActionMask = 2147483647;
			files = (
			);
			runOnlyForDeploymentPostprocessing = 0;
		};
		2A4BF4302C9BEC4D00C96C35 /* Frameworks */ = {
			isa = PBXFrameworksBuildPhase;
			buildActionMask = 2147483647;
			files = (
			);
			runOnlyForDeploymentPostprocessing = 0;
		};
/* End PBXFrameworksBuildPhase section */

/* Begin PBXGroup section */
		2A00F18B2CA02CF70099AD9D /* DB */ = {
			isa = PBXGroup;
			children = (
				2AB509682CA03955003A3209 /* Model */,
				2A00F18C2CA02D120099AD9D /* AppDB.xcdatamodeld */,
				2AB509692CA03AE5003A3209 /* DBManager.swift */,
			);
			path = DB;
			sourceTree = "<group>";
		};
		2A153A7F2C9EC3C00009761F /* OfferView */ = {
			isa = PBXGroup;
			children = (
				2A153A802C9EC45F0009761F /* OfferCollectionViewCell.swift */,
				2A153A822C9EC5D90009761F /* OfferCellViewModel.swift */,
			);
			path = OfferView;
			sourceTree = "<group>";
		};
		2A153A842C9EE0C00009761F /* ProductListView */ = {
			isa = PBXGroup;
			children = (
				2A153A862C9EE1080009761F /* Waterfall */,
				2A153A852C9EE1030009761F /* Linear */,
				2A024D432CA1F131009FF681 /* PriceAndOfferDetailsView.swift */,
			);
			path = ProductListView;
			sourceTree = "<group>";
		};
		2A153A852C9EE1030009761F /* Linear */ = {
			isa = PBXGroup;
			children = (
				2A153A872C9EE1260009761F /* LinearLayoutCell.swift */,
				2A153A8B2C9F27330009761F /* LinearLayoutCellViewModel.swift */,
				2A153A892C9F07EE0009761F /* AvailableColorsView.swift */,
				2A153A8D2C9F32520009761F /* AvailableColorsViewModel.swift */,
			);
			path = Linear;
			sourceTree = "<group>";
		};
		2A153A862C9EE1080009761F /* Waterfall */ = {
			isa = PBXGroup;
			children = (
				2A32C7242CA13A2B00E0575E /* WaterfallLayoutCell.swift */,
				2A32C7262CA13C6500E0575E /* WaterfallLayoutCellViewModel.swift */,
			);
			path = Waterfall;
			sourceTree = "<group>";
		};
		2A1C10F62C9DE4BF00CC59A5 /* SupplementaryViews */ = {
			isa = PBXGroup;
			children = (
				2A1C10F72C9DE4DF00CC59A5 /* OfferSectionHeaderView.swift */,
				2A1C10FE2C9DEF0D00CC59A5 /* OfferSectionFooterView.swift */,
			);
			path = SupplementaryViews;
			sourceTree = "<group>";
		};
		2A1C10F92C9DE53C00CC59A5 /* Fab */ = {
			isa = PBXGroup;
			children = (
				2A8F9A542C9E87A30091DC5D /* FabView.swift */,
				2A153A7D2C9E8F690009761F /* RadioButtonView.swift */,
			);
			path = Fab;
			sourceTree = "<group>";
		};
		2A4441382C9D7C070003A9C5 /* Utils */ = {
			isa = PBXGroup;
			children = (
				2A44413B2C9D7C320003A9C5 /* Constants.swift */,
				2A00F1892CA002550099AD9D /* String+ext.swift */,
				2AC34A132CA33F7C002EE1CB /* Array+ext.swift */,
			);
			path = Utils;
			sourceTree = "<group>";
		};
		2A4BF40A2C9BEC4C00C96C35 = {
			isa = PBXGroup;
			children = (
				2A1C10FB2C9DEAAC00CC59A5 /* DesignSystem */,
				2A44417A2C9D922B0003A9C5 /* ZChip */,
				2AC34A162CA34074002EE1CB /* NetworkManager */,
				2A4BF4152C9BEC4C00C96C35 /* ZStore */,
				2A4BF42C2C9BEC4D00C96C35 /* ZStoreTests */,
				2A4BF4362C9BEC4D00C96C35 /* ZStoreUITests */,
				2A4BF4142C9BEC4C00C96C35 /* Products */,
				2A4BF48A2C9C02AF00C96C35 /* Frameworks */,
			);
			sourceTree = "<group>";
		};
		2A4BF4142C9BEC4C00C96C35 /* Products */ = {
			isa = PBXGroup;
			children = (
				2A4BF4132C9BEC4C00C96C35 /* ZStore.app */,
				2A4BF4292C9BEC4D00C96C35 /* ZStoreTests.xctest */,
				2A4BF4332C9BEC4D00C96C35 /* ZStoreUITests.xctest */,
			);
			name = Products;
			sourceTree = "<group>";
		};
		2A4BF4152C9BEC4C00C96C35 /* ZStore */ = {
			isa = PBXGroup;
			children = (
				2A00F18B2CA02CF70099AD9D /* DB */,
				2A4441382C9D7C070003A9C5 /* Utils */,
				2A9A293D2C9CAC62002A08C5 /* Codable */,
				2A9A29392C9CA720002A08C5 /* HomeScreen */,
				2A4BF4182C9BEC4C00C96C35 /* SceneDelegate.swift */,
				2A4BF4162C9BEC4C00C96C35 /* AppDelegate.swift */,
				2A4BF41F2C9BEC4D00C96C35 /* Assets.xcassets */,
				2A4BF4212C9BEC4D00C96C35 /* LaunchScreen.storyboard */,
				2A4BF4242C9BEC4D00C96C35 /* Info.plist */,
			);
			path = ZStore;
			sourceTree = "<group>";
		};
		2A4BF42C2C9BEC4D00C96C35 /* ZStoreTests */ = {
			isa = PBXGroup;
			children = (
				2A4BF42D2C9BEC4D00C96C35 /* ZStoreTests.swift */,
			);
			path = ZStoreTests;
			sourceTree = "<group>";
		};
		2A4BF4362C9BEC4D00C96C35 /* ZStoreUITests */ = {
			isa = PBXGroup;
			children = (
				2A4BF4372C9BEC4D00C96C35 /* ZStoreUITests.swift */,
				2A4BF4392C9BEC4D00C96C35 /* ZStoreUITestsLaunchTests.swift */,
			);
			path = ZStoreUITests;
			sourceTree = "<group>";
		};
		2A4BF48A2C9C02AF00C96C35 /* Frameworks */ = {
			isa = PBXGroup;
			children = (
			);
			name = Frameworks;
			sourceTree = "<group>";
		};
		2A9A28FC2C9C85F7002A08C5 /* FilterView */ = {
			isa = PBXGroup;
			children = (
				2A9A28FD2C9C862C002A08C5 /* FilterView.swift */,
			);
			path = FilterView;
			sourceTree = "<group>";
		};
		2A9A29392C9CA720002A08C5 /* HomeScreen */ = {
			isa = PBXGroup;
			children = (
				2AB509B42CA0A2E2003A3209 /* Layout */,
				2AB5096B2CA03E0A003A3209 /* DBHelper */,
				2A153A842C9EE0C00009761F /* ProductListView */,
				2A153A7F2C9EC3C00009761F /* OfferView */,
				2A9A28FC2C9C85F7002A08C5 /* FilterView */,
				2A1C10F62C9DE4BF00CC59A5 /* SupplementaryViews */,
				2A1C10F92C9DE53C00CC59A5 /* Fab */,
				2A4BF4802C9BFB9F00C96C35 /* HomeScreenViewModel.swift */,
				2A4BF41A2C9BEC4C00C96C35 /* HomeScreenVC.swift */,
				2A57786B2CA2F08A0000C427 /* HomeScreenHelper.swift */,
			);
			path = HomeScreen;
			sourceTree = "<group>";
		};
		2A9A293D2C9CAC62002A08C5 /* Codable */ = {
			isa = PBXGroup;
			children = (
				2A9A293E2C9CAD32002A08C5 /* HomeScreenResponse.swift */,
			);
			path = Codable;
			sourceTree = "<group>";
		};
		2AB509682CA03955003A3209 /* Model */ = {
			isa = PBXGroup;
			children = (
				2A32C7202CA1309000E0575E /* ProductData+CoreDataClass.swift */,
				2A32C7212CA1309000E0575E /* ProductData+CoreDataProperties.swift */,
				2AB5099C2CA04867003A3209 /* CategoryData+CoreDataClass.swift */,
				2AB5099D2CA04867003A3209 /* CategoryData+CoreDataProperties.swift */,
				2AB5099E2CA04867003A3209 /* CardOfferData+CoreDataClass.swift */,
				2AB5099F2CA04867003A3209 /* CardOfferData+CoreDataProperties.swift */,
			);
			path = Model;
			sourceTree = "<group>";
		};
		2AB5096B2CA03E0A003A3209 /* DBHelper */ = {
			isa = PBXGroup;
			children = (
				2AB5096C2CA041E1003A3209 /* HomeScreenDataManager.swift */,
				2AB509AA2CA04E69003A3209 /* DBQueries.swift */,
			);
			path = DBHelper;
			sourceTree = "<group>";
		};
		2AB509B42CA0A2E2003A3209 /* Layout */ = {
			isa = PBXGroup;
			children = (
				2AB509B52CA0A301003A3209 /* LinearCompositionalFlowLayout.swift */,
				2A32C7282CA13D1000E0575E /* WaterfallCompositionalFlowLayout.swift */,
				2AEDD3C62CA31A300046DEF5 /* WaterFallLayout */,
			);
			path = Layout;
			sourceTree = "<group>";
		};
		2AEDD3C62CA31A300046DEF5 /* WaterFallLayout */ = {
			isa = PBXGroup;
			children = (
				2AEDD3C72CA31A450046DEF5 /* WaterfallCompositionalLayout.swift */,
				2AEDD3C92CA31A450046DEF5 /* WaterfallTrueCompositionalLayout.swift */,
				2AEDD3C82CA31A450046DEF5 /* WaterfallTrueCompositionalLayout+LayoutBuilder.swift */,
			);
			path = WaterFallLayout;
			sourceTree = "<group>";
		};
/* End PBXGroup section */

/* Begin PBXNativeTarget section */
		2A4BF4122C9BEC4C00C96C35 /* ZStore */ = {
			isa = PBXNativeTarget;
			buildConfigurationList = 2A4BF43D2C9BEC4D00C96C35 /* Build configuration list for PBXNativeTarget "ZStore" */;
			buildPhases = (
				2A4BF40F2C9BEC4C00C96C35 /* Sources */,
				2A4BF4102C9BEC4C00C96C35 /* Frameworks */,
				2A4BF4112C9BEC4C00C96C35 /* Resources */,
			);
			buildRules = (
			);
			dependencies = (
			);
			name = ZStore;
			packageProductDependencies = (
				2A44417B2C9DA2600003A9C5 /* ZChip */,
				2A1C10FC2C9DEC7F00CC59A5 /* DesignSystem */,
				2AC34A172CA340B5002EE1CB /* NetworkManager */,
			);
			productName = ZStore;
			productReference = 2A4BF4132C9BEC4C00C96C35 /* ZStore.app */;
			productType = "com.apple.product-type.application";
		};
		2A4BF4282C9BEC4D00C96C35 /* ZStoreTests */ = {
			isa = PBXNativeTarget;
			buildConfigurationList = 2A4BF4402C9BEC4D00C96C35 /* Build configuration list for PBXNativeTarget "ZStoreTests" */;
			buildPhases = (
				2A4BF4252C9BEC4D00C96C35 /* Sources */,
				2A4BF4262C9BEC4D00C96C35 /* Frameworks */,
				2A4BF4272C9BEC4D00C96C35 /* Resources */,
			);
			buildRules = (
			);
			dependencies = (
				2A4BF42B2C9BEC4D00C96C35 /* PBXTargetDependency */,
			);
			name = ZStoreTests;
			productName = ZStoreTests;
			productReference = 2A4BF4292C9BEC4D00C96C35 /* ZStoreTests.xctest */;
			productType = "com.apple.product-type.bundle.unit-test";
		};
		2A4BF4322C9BEC4D00C96C35 /* ZStoreUITests */ = {
			isa = PBXNativeTarget;
			buildConfigurationList = 2A4BF4432C9BEC4D00C96C35 /* Build configuration list for PBXNativeTarget "ZStoreUITests" */;
			buildPhases = (
				2A4BF42F2C9BEC4D00C96C35 /* Sources */,
				2A4BF4302C9BEC4D00C96C35 /* Frameworks */,
				2A4BF4312C9BEC4D00C96C35 /* Resources */,
			);
			buildRules = (
			);
			dependencies = (
				2A4BF4352C9BEC4D00C96C35 /* PBXTargetDependency */,
			);
			name = ZStoreUITests;
			productName = ZStoreUITests;
			productReference = 2A4BF4332C9BEC4D00C96C35 /* ZStoreUITests.xctest */;
			productType = "com.apple.product-type.bundle.ui-testing";
		};
/* End PBXNativeTarget section */

/* Begin PBXProject section */
		2A4BF40B2C9BEC4C00C96C35 /* Project object */ = {
			isa = PBXProject;
			attributes = {
				BuildIndependentTargetsInParallel = 1;
				LastSwiftUpdateCheck = 1530;
				LastUpgradeCheck = 1530;
				TargetAttributes = {
					2A4BF4122C9BEC4C00C96C35 = {
						CreatedOnToolsVersion = 15.3;
					};
					2A4BF4282C9BEC4D00C96C35 = {
						CreatedOnToolsVersion = 15.3;
						TestTargetID = 2A4BF4122C9BEC4C00C96C35;
					};
					2A4BF4322C9BEC4D00C96C35 = {
						CreatedOnToolsVersion = 15.3;
						TestTargetID = 2A4BF4122C9BEC4C00C96C35;
					};
				};
			};
			buildConfigurationList = 2A4BF40E2C9BEC4C00C96C35 /* Build configuration list for PBXProject "ZStore" */;
			compatibilityVersion = "Xcode 14.0";
			developmentRegion = en;
			hasScannedForEncodings = 0;
			knownRegions = (
				en,
				Base,
			);
			mainGroup = 2A4BF40A2C9BEC4C00C96C35;
			packageReferences = (
			);
			productRefGroup = 2A4BF4142C9BEC4C00C96C35 /* Products */;
			projectDirPath = "";
			projectRoot = "";
			targets = (
				2A4BF4122C9BEC4C00C96C35 /* ZStore */,
				2A4BF4282C9BEC4D00C96C35 /* ZStoreTests */,
				2A4BF4322C9BEC4D00C96C35 /* ZStoreUITests */,
			);
		};
/* End PBXProject section */

/* Begin PBXResourcesBuildPhase section */
		2A4BF4112C9BEC4C00C96C35 /* Resources */ = {
			isa = PBXResourcesBuildPhase;
			buildActionMask = 2147483647;
			files = (
				2A4BF4202C9BEC4D00C96C35 /* Assets.xcassets in Resources */,
				2A4BF4232C9BEC4D00C96C35 /* Base in Resources */,
			);
			runOnlyForDeploymentPostprocessing = 0;
		};
		2A4BF4272C9BEC4D00C96C35 /* Resources */ = {
			isa = PBXResourcesBuildPhase;
			buildActionMask = 2147483647;
			files = (
			);
			runOnlyForDeploymentPostprocessing = 0;
		};
		2A4BF4312C9BEC4D00C96C35 /* Resources */ = {
			isa = PBXResourcesBuildPhase;
			buildActionMask = 2147483647;
			files = (
			);
			runOnlyForDeploymentPostprocessing = 0;
		};
/* End PBXResourcesBuildPhase section */

/* Begin PBXSourcesBuildPhase section */
		2A4BF40F2C9BEC4C00C96C35 /* Sources */ = {
			isa = PBXSourcesBuildPhase;
			buildActionMask = 2147483647;
			files = (
				2AEDD3CC2CA31A450046DEF5 /* WaterfallTrueCompositionalLayout+LayoutBuilder.swift in Sources */,
				2A00F18E2CA02D120099AD9D /* AppDB.xcdatamodeld in Sources */,
				2A9A293F2C9CAD32002A08C5 /* HomeScreenResponse.swift in Sources */,
				2A9A28FE2C9C862C002A08C5 /* FilterView.swift in Sources */,
				2AB509A22CA04867003A3209 /* CategoryData+CoreDataClass.swift in Sources */,
				2AB509B62CA0A301003A3209 /* LinearCompositionalFlowLayout.swift in Sources */,
				2AB509A32CA04867003A3209 /* CategoryData+CoreDataProperties.swift in Sources */,
				2AB509A42CA04867003A3209 /* CardOfferData+CoreDataClass.swift in Sources */,
				2AB509A52CA04867003A3209 /* CardOfferData+CoreDataProperties.swift in Sources */,
				2AB5096D2CA041E1003A3209 /* HomeScreenDataManager.swift in Sources */,
				2A1C10F82C9DE4DF00CC59A5 /* OfferSectionHeaderView.swift in Sources */,
				2A153A7E2C9E8F690009761F /* RadioButtonView.swift in Sources */,
				2A4BF4812C9BFB9F00C96C35 /* HomeScreenViewModel.swift in Sources */,
				2A1C10FF2C9DEF0D00CC59A5 /* OfferSectionFooterView.swift in Sources */,
				2A4BF41B2C9BEC4C00C96C35 /* HomeScreenVC.swift in Sources */,
				2A32C7272CA13C6500E0575E /* WaterfallLayoutCellViewModel.swift in Sources */,
				2AEDD3CB2CA31A450046DEF5 /* WaterfallCompositionalLayout.swift in Sources */,
				2A153A8A2C9F07EE0009761F /* AvailableColorsView.swift in Sources */,
				2A024D442CA1F131009FF681 /* PriceAndOfferDetailsView.swift in Sources */,
				2AB509AB2CA04E69003A3209 /* DBQueries.swift in Sources */,
				2AC34A142CA33F7C002EE1CB /* Array+ext.swift in Sources */,
				2A153A8C2C9F27330009761F /* LinearLayoutCellViewModel.swift in Sources */,
				2A153A8E2C9F32520009761F /* AvailableColorsViewModel.swift in Sources */,
				2A32C7252CA13A2B00E0575E /* WaterfallLayoutCell.swift in Sources */,
				2A8F9A552C9E87A30091DC5D /* FabView.swift in Sources */,
				2AEDD3CD2CA31A450046DEF5 /* WaterfallTrueCompositionalLayout.swift in Sources */,
				2A153A882C9EE1260009761F /* LinearLayoutCell.swift in Sources */,
				2A32C7292CA13D1000E0575E /* WaterfallCompositionalFlowLayout.swift in Sources */,
				2A4BF4172C9BEC4C00C96C35 /* AppDelegate.swift in Sources */,
				2A32C7232CA1309300E0575E /* ProductData+CoreDataClass.swift in Sources */,
				2A153A812C9EC45F0009761F /* OfferCollectionViewCell.swift in Sources */,
				2A4BF4192C9BEC4C00C96C35 /* SceneDelegate.swift in Sources */,
				2A57786C2CA2F08A0000C427 /* HomeScreenHelper.swift in Sources */,
				2A44413C2C9D7C320003A9C5 /* Constants.swift in Sources */,
				2A00F18A2CA002550099AD9D /* String+ext.swift in Sources */,
				2A153A832C9EC5D90009761F /* OfferCellViewModel.swift in Sources */,
				2AB5096A2CA03AE5003A3209 /* DBManager.swift in Sources */,
				2A32C7222CA1309300E0575E /* ProductData+CoreDataProperties.swift in Sources */,
			);
			runOnlyForDeploymentPostprocessing = 0;
		};
		2A4BF4252C9BEC4D00C96C35 /* Sources */ = {
			isa = PBXSourcesBuildPhase;
			buildActionMask = 2147483647;
			files = (
				2A4BF42E2C9BEC4D00C96C35 /* ZStoreTests.swift in Sources */,
			);
			runOnlyForDeploymentPostprocessing = 0;
		};
		2A4BF42F2C9BEC4D00C96C35 /* Sources */ = {
			isa = PBXSourcesBuildPhase;
			buildActionMask = 2147483647;
			files = (
				2A4BF4382C9BEC4D00C96C35 /* ZStoreUITests.swift in Sources */,
				2A4BF43A2C9BEC4D00C96C35 /* ZStoreUITestsLaunchTests.swift in Sources */,
			);
			runOnlyForDeploymentPostprocessing = 0;
		};
/* End PBXSourcesBuildPhase section */

/* Begin PBXTargetDependency section */
		2A4BF42B2C9BEC4D00C96C35 /* PBXTargetDependency */ = {
			isa = PBXTargetDependency;
			target = 2A4BF4122C9BEC4C00C96C35 /* ZStore */;
			targetProxy = 2A4BF42A2C9BEC4D00C96C35 /* PBXContainerItemProxy */;
		};
		2A4BF4352C9BEC4D00C96C35 /* PBXTargetDependency */ = {
			isa = PBXTargetDependency;
			target = 2A4BF4122C9BEC4C00C96C35 /* ZStore */;
			targetProxy = 2A4BF4342C9BEC4D00C96C35 /* PBXContainerItemProxy */;
		};
/* End PBXTargetDependency section */

/* Begin PBXVariantGroup section */
		2A4BF4212C9BEC4D00C96C35 /* LaunchScreen.storyboard */ = {
			isa = PBXVariantGroup;
			children = (
				2A4BF4222C9BEC4D00C96C35 /* Base */,
			);
			name = LaunchScreen.storyboard;
			sourceTree = "<group>";
		};
/* End PBXVariantGroup section */

/* Begin XCBuildConfiguration section */
		2A4BF43B2C9BEC4D00C96C35 /* Debug */ = {
			isa = XCBuildConfiguration;
			buildSettings = {
				ALWAYS_SEARCH_USER_PATHS = NO;
				ASSETCATALOG_COMPILER_GENERATE_SWIFT_ASSET_SYMBOL_EXTENSIONS = YES;
				CLANG_ANALYZER_NONNULL = YES;
				CLANG_ANALYZER_NUMBER_OBJECT_CONVERSION = YES_AGGRESSIVE;
				CLANG_CXX_LANGUAGE_STANDARD = "gnu++20";
				CLANG_ENABLE_MODULES = YES;
				CLANG_ENABLE_OBJC_ARC = YES;
				CLANG_ENABLE_OBJC_WEAK = YES;
				CLANG_WARN_BLOCK_CAPTURE_AUTORELEASING = YES;
				CLANG_WARN_BOOL_CONVERSION = YES;
				CLANG_WARN_COMMA = YES;
				CLANG_WARN_CONSTANT_CONVERSION = YES;
				CLANG_WARN_DEPRECATED_OBJC_IMPLEMENTATIONS = YES;
				CLANG_WARN_DIRECT_OBJC_ISA_USAGE = YES_ERROR;
				CLANG_WARN_DOCUMENTATION_COMMENTS = YES;
				CLANG_WARN_EMPTY_BODY = YES;
				CLANG_WARN_ENUM_CONVERSION = YES;
				CLANG_WARN_INFINITE_RECURSION = YES;
				CLANG_WARN_INT_CONVERSION = YES;
				CLANG_WARN_NON_LITERAL_NULL_CONVERSION = YES;
				CLANG_WARN_OBJC_IMPLICIT_RETAIN_SELF = YES;
				CLANG_WARN_OBJC_LITERAL_CONVERSION = YES;
				CLANG_WARN_OBJC_ROOT_CLASS = YES_ERROR;
				CLANG_WARN_QUOTED_INCLUDE_IN_FRAMEWORK_HEADER = YES;
				CLANG_WARN_RANGE_LOOP_ANALYSIS = YES;
				CLANG_WARN_STRICT_PROTOTYPES = YES;
				CLANG_WARN_SUSPICIOUS_MOVE = YES;
				CLANG_WARN_UNGUARDED_AVAILABILITY = YES_AGGRESSIVE;
				CLANG_WARN_UNREACHABLE_CODE = YES;
				CLANG_WARN__DUPLICATE_METHOD_MATCH = YES;
				COPY_PHASE_STRIP = NO;
				DEBUG_INFORMATION_FORMAT = dwarf;
				ENABLE_STRICT_OBJC_MSGSEND = YES;
				ENABLE_TESTABILITY = YES;
				ENABLE_USER_SCRIPT_SANDBOXING = YES;
				GCC_C_LANGUAGE_STANDARD = gnu17;
				GCC_DYNAMIC_NO_PIC = NO;
				GCC_NO_COMMON_BLOCKS = YES;
				GCC_OPTIMIZATION_LEVEL = 0;
				GCC_PREPROCESSOR_DEFINITIONS = (
					"DEBUG=1",
					"$(inherited)",
				);
				GCC_WARN_64_TO_32_BIT_CONVERSION = YES;
				GCC_WARN_ABOUT_RETURN_TYPE = YES_ERROR;
				GCC_WARN_UNDECLARED_SELECTOR = YES;
				GCC_WARN_UNINITIALIZED_AUTOS = YES_AGGRESSIVE;
				GCC_WARN_UNUSED_FUNCTION = YES;
				GCC_WARN_UNUSED_VARIABLE = YES;
				IPHONEOS_DEPLOYMENT_TARGET = 17.4;
				LOCALIZATION_PREFERS_STRING_CATALOGS = YES;
				MTL_ENABLE_DEBUG_INFO = INCLUDE_SOURCE;
				MTL_FAST_MATH = YES;
				ONLY_ACTIVE_ARCH = YES;
				SDKROOT = iphoneos;
				SWIFT_ACTIVE_COMPILATION_CONDITIONS = "DEBUG $(inherited)";
				SWIFT_OPTIMIZATION_LEVEL = "-Onone";
			};
			name = Debug;
		};
		2A4BF43C2C9BEC4D00C96C35 /* Release */ = {
			isa = XCBuildConfiguration;
			buildSettings = {
				ALWAYS_SEARCH_USER_PATHS = NO;
				ASSETCATALOG_COMPILER_GENERATE_SWIFT_ASSET_SYMBOL_EXTENSIONS = YES;
				CLANG_ANALYZER_NONNULL = YES;
				CLANG_ANALYZER_NUMBER_OBJECT_CONVERSION = YES_AGGRESSIVE;
				CLANG_CXX_LANGUAGE_STANDARD = "gnu++20";
				CLANG_ENABLE_MODULES = YES;
				CLANG_ENABLE_OBJC_ARC = YES;
				CLANG_ENABLE_OBJC_WEAK = YES;
				CLANG_WARN_BLOCK_CAPTURE_AUTORELEASING = YES;
				CLANG_WARN_BOOL_CONVERSION = YES;
				CLANG_WARN_COMMA = YES;
				CLANG_WARN_CONSTANT_CONVERSION = YES;
				CLANG_WARN_DEPRECATED_OBJC_IMPLEMENTATIONS = YES;
				CLANG_WARN_DIRECT_OBJC_ISA_USAGE = YES_ERROR;
				CLANG_WARN_DOCUMENTATION_COMMENTS = YES;
				CLANG_WARN_EMPTY_BODY = YES;
				CLANG_WARN_ENUM_CONVERSION = YES;
				CLANG_WARN_INFINITE_RECURSION = YES;
				CLANG_WARN_INT_CONVERSION = YES;
				CLANG_WARN_NON_LITERAL_NULL_CONVERSION = YES;
				CLANG_WARN_OBJC_IMPLICIT_RETAIN_SELF = YES;
				CLANG_WARN_OBJC_LITERAL_CONVERSION = YES;
				CLANG_WARN_OBJC_ROOT_CLASS = YES_ERROR;
				CLANG_WARN_QUOTED_INCLUDE_IN_FRAMEWORK_HEADER = YES;
				CLANG_WARN_RANGE_LOOP_ANALYSIS = YES;
				CLANG_WARN_STRICT_PROTOTYPES = YES;
				CLANG_WARN_SUSPICIOUS_MOVE = YES;
				CLANG_WARN_UNGUARDED_AVAILABILITY = YES_AGGRESSIVE;
				CLANG_WARN_UNREACHABLE_CODE = YES;
				CLANG_WARN__DUPLICATE_METHOD_MATCH = YES;
				COPY_PHASE_STRIP = NO;
				DEBUG_INFORMATION_FORMAT = "dwarf-with-dsym";
				ENABLE_NS_ASSERTIONS = NO;
				ENABLE_STRICT_OBJC_MSGSEND = YES;
				ENABLE_USER_SCRIPT_SANDBOXING = YES;
				GCC_C_LANGUAGE_STANDARD = gnu17;
				GCC_NO_COMMON_BLOCKS = YES;
				GCC_WARN_64_TO_32_BIT_CONVERSION = YES;
				GCC_WARN_ABOUT_RETURN_TYPE = YES_ERROR;
				GCC_WARN_UNDECLARED_SELECTOR = YES;
				GCC_WARN_UNINITIALIZED_AUTOS = YES_AGGRESSIVE;
				GCC_WARN_UNUSED_FUNCTION = YES;
				GCC_WARN_UNUSED_VARIABLE = YES;
				IPHONEOS_DEPLOYMENT_TARGET = 17.4;
				LOCALIZATION_PREFERS_STRING_CATALOGS = YES;
				MTL_ENABLE_DEBUG_INFO = NO;
				MTL_FAST_MATH = YES;
				SDKROOT = iphoneos;
				SWIFT_COMPILATION_MODE = wholemodule;
				VALIDATE_PRODUCT = YES;
			};
			name = Release;
		};
		2A4BF43E2C9BEC4D00C96C35 /* Debug */ = {
			isa = XCBuildConfiguration;
			buildSettings = {
				ASSETCATALOG_COMPILER_APPICON_NAME = AppIcon;
				ASSETCATALOG_COMPILER_GLOBAL_ACCENT_COLOR_NAME = AccentColor;
				CODE_SIGN_IDENTITY = "Apple Development";
				CODE_SIGN_STYLE = Automatic;
				CURRENT_PROJECT_VERSION = 1;
				DEVELOPMENT_TEAM = YR5TTS6ZU7;
				GENERATE_INFOPLIST_FILE = YES;
				INFOPLIST_FILE = ZStore/Info.plist;
				INFOPLIST_KEY_UIApplicationSupportsIndirectInputEvents = YES;
				INFOPLIST_KEY_UILaunchStoryboardName = LaunchScreen;
				INFOPLIST_KEY_UISupportedInterfaceOrientations_iPad = "UIInterfaceOrientationPortrait UIInterfaceOrientationPortraitUpsideDown UIInterfaceOrientationLandscapeLeft UIInterfaceOrientationLandscapeRight";
				INFOPLIST_KEY_UISupportedInterfaceOrientations_iPhone = "UIInterfaceOrientationPortrait UIInterfaceOrientationLandscapeLeft UIInterfaceOrientationLandscapeRight";
				IPHONEOS_DEPLOYMENT_TARGET = 15.0;
				LD_RUNPATH_SEARCH_PATHS = (
					"$(inherited)",
					"@executable_path/Frameworks",
				);
				MARKETING_VERSION = 1.0;
				PRODUCT_BUNDLE_IDENTIFIER = com.test.ZStore;
				PRODUCT_NAME = "$(TARGET_NAME)";
				PROVISIONING_PROFILE_SPECIFIER = "";
				SWIFT_EMIT_LOC_STRINGS = YES;
				SWIFT_VERSION = 5.0;
				TARGETED_DEVICE_FAMILY = "1,2";
			};
			name = Debug;
		};
		2A4BF43F2C9BEC4D00C96C35 /* Release */ = {
			isa = XCBuildConfiguration;
			buildSettings = {
				ASSETCATALOG_COMPILER_APPICON_NAME = AppIcon;
				ASSETCATALOG_COMPILER_GLOBAL_ACCENT_COLOR_NAME = AccentColor;
				CODE_SIGN_IDENTITY = "Apple Development";
				CODE_SIGN_STYLE = Automatic;
				CURRENT_PROJECT_VERSION = 1;
				DEVELOPMENT_TEAM = YR5TTS6ZU7;
				GENERATE_INFOPLIST_FILE = YES;
				INFOPLIST_FILE = ZStore/Info.plist;
				INFOPLIST_KEY_UIApplicationSupportsIndirectInputEvents = YES;
				INFOPLIST_KEY_UILaunchStoryboardName = LaunchScreen;
				INFOPLIST_KEY_UISupportedInterfaceOrientations_iPad = "UIInterfaceOrientationPortrait UIInterfaceOrientationPortraitUpsideDown UIInterfaceOrientationLandscapeLeft UIInterfaceOrientationLandscapeRight";
				INFOPLIST_KEY_UISupportedInterfaceOrientations_iPhone = "UIInterfaceOrientationPortrait UIInterfaceOrientationLandscapeLeft UIInterfaceOrientationLandscapeRight";
				IPHONEOS_DEPLOYMENT_TARGET = 15.0;
				LD_RUNPATH_SEARCH_PATHS = (
					"$(inherited)",
					"@executable_path/Frameworks",
				);
				MARKETING_VERSION = 1.0;
				PRODUCT_BUNDLE_IDENTIFIER = com.test.ZStore;
				PRODUCT_NAME = "$(TARGET_NAME)";
				PROVISIONING_PROFILE_SPECIFIER = "";
				SWIFT_EMIT_LOC_STRINGS = YES;
				SWIFT_VERSION = 5.0;
				TARGETED_DEVICE_FAMILY = "1,2";
			};
			name = Release;
		};
		2A4BF4412C9BEC4D00C96C35 /* Debug */ = {
			isa = XCBuildConfiguration;
			buildSettings = {
				ALWAYS_EMBED_SWIFT_STANDARD_LIBRARIES = YES;
				BUNDLE_LOADER = "$(TEST_HOST)";
				CODE_SIGN_STYLE = Automatic;
				CURRENT_PROJECT_VERSION = 1;
				DEVELOPMENT_TEAM = LFMXCJUU8Y;
				GENERATE_INFOPLIST_FILE = YES;
				IPHONEOS_DEPLOYMENT_TARGET = 17.4;
				MARKETING_VERSION = 1.0;
				PRODUCT_BUNDLE_IDENTIFIER = com.test.ZStoreTests;
				PRODUCT_NAME = "$(TARGET_NAME)";
				SWIFT_EMIT_LOC_STRINGS = NO;
				SWIFT_VERSION = 5.0;
				TARGETED_DEVICE_FAMILY = "1,2";
				TEST_HOST = "$(BUILT_PRODUCTS_DIR)/ZStore.app/$(BUNDLE_EXECUTABLE_FOLDER_PATH)/ZStore";
			};
			name = Debug;
		};
		2A4BF4422C9BEC4D00C96C35 /* Release */ = {
			isa = XCBuildConfiguration;
			buildSettings = {
				ALWAYS_EMBED_SWIFT_STANDARD_LIBRARIES = YES;
				BUNDLE_LOADER = "$(TEST_HOST)";
				CODE_SIGN_STYLE = Automatic;
				CURRENT_PROJECT_VERSION = 1;
				DEVELOPMENT_TEAM = LFMXCJUU8Y;
				GENERATE_INFOPLIST_FILE = YES;
				IPHONEOS_DEPLOYMENT_TARGET = 17.4;
				MARKETING_VERSION = 1.0;
				PRODUCT_BUNDLE_IDENTIFIER = com.test.ZStoreTests;
				PRODUCT_NAME = "$(TARGET_NAME)";
				SWIFT_EMIT_LOC_STRINGS = NO;
				SWIFT_VERSION = 5.0;
				TARGETED_DEVICE_FAMILY = "1,2";
				TEST_HOST = "$(BUILT_PRODUCTS_DIR)/ZStore.app/$(BUNDLE_EXECUTABLE_FOLDER_PATH)/ZStore";
			};
			name = Release;
		};
		2A4BF4442C9BEC4D00C96C35 /* Debug */ = {
			isa = XCBuildConfiguration;
			buildSettings = {
				ALWAYS_EMBED_SWIFT_STANDARD_LIBRARIES = YES;
				CODE_SIGN_STYLE = Automatic;
				CURRENT_PROJECT_VERSION = 1;
				DEVELOPMENT_TEAM = LFMXCJUU8Y;
				GENERATE_INFOPLIST_FILE = YES;
				MARKETING_VERSION = 1.0;
				PRODUCT_BUNDLE_IDENTIFIER = com.test.ZStoreUITests;
				PRODUCT_NAME = "$(TARGET_NAME)";
				SWIFT_EMIT_LOC_STRINGS = NO;
				SWIFT_VERSION = 5.0;
				TARGETED_DEVICE_FAMILY = "1,2";
				TEST_TARGET_NAME = ZStore;
			};
			name = Debug;
		};
		2A4BF4452C9BEC4D00C96C35 /* Release */ = {
			isa = XCBuildConfiguration;
			buildSettings = {
				ALWAYS_EMBED_SWIFT_STANDARD_LIBRARIES = YES;
				CODE_SIGN_STYLE = Automatic;
				CURRENT_PROJECT_VERSION = 1;
				DEVELOPMENT_TEAM = LFMXCJUU8Y;
				GENERATE_INFOPLIST_FILE = YES;
				MARKETING_VERSION = 1.0;
				PRODUCT_BUNDLE_IDENTIFIER = com.test.ZStoreUITests;
				PRODUCT_NAME = "$(TARGET_NAME)";
				SWIFT_EMIT_LOC_STRINGS = NO;
				SWIFT_VERSION = 5.0;
				TARGETED_DEVICE_FAMILY = "1,2";
				TEST_TARGET_NAME = ZStore;
			};
			name = Release;
		};
/* End XCBuildConfiguration section */

/* Begin XCConfigurationList section */
		2A4BF40E2C9BEC4C00C96C35 /* Build configuration list for PBXProject "ZStore" */ = {
			isa = XCConfigurationList;
			buildConfigurations = (
				2A4BF43B2C9BEC4D00C96C35 /* Debug */,
				2A4BF43C2C9BEC4D00C96C35 /* Release */,
			);
			defaultConfigurationIsVisible = 0;
			defaultConfigurationName = Release;
		};
		2A4BF43D2C9BEC4D00C96C35 /* Build configuration list for PBXNativeTarget "ZStore" */ = {
			isa = XCConfigurationList;
			buildConfigurations = (
				2A4BF43E2C9BEC4D00C96C35 /* Debug */,
				2A4BF43F2C9BEC4D00C96C35 /* Release */,
			);
			defaultConfigurationIsVisible = 0;
			defaultConfigurationName = Release;
		};
		2A4BF4402C9BEC4D00C96C35 /* Build configuration list for PBXNativeTarget "ZStoreTests" */ = {
			isa = XCConfigurationList;
			buildConfigurations = (
				2A4BF4412C9BEC4D00C96C35 /* Debug */,
				2A4BF4422C9BEC4D00C96C35 /* Release */,
			);
			defaultConfigurationIsVisible = 0;
			defaultConfigurationName = Release;
		};
		2A4BF4432C9BEC4D00C96C35 /* Build configuration list for PBXNativeTarget "ZStoreUITests" */ = {
			isa = XCConfigurationList;
			buildConfigurations = (
				2A4BF4442C9BEC4D00C96C35 /* Debug */,
				2A4BF4452C9BEC4D00C96C35 /* Release */,
			);
			defaultConfigurationIsVisible = 0;
			defaultConfigurationName = Release;
		};
/* End XCConfigurationList section */

/* Begin XCSwiftPackageProductDependency section */
		2A1C10FC2C9DEC7F00CC59A5 /* DesignSystem */ = {
			isa = XCSwiftPackageProductDependency;
			productName = DesignSystem;
		};
		2A44417B2C9DA2600003A9C5 /* ZChip */ = {
			isa = XCSwiftPackageProductDependency;
			productName = ZChip;
		};
		2AC34A172CA340B5002EE1CB /* NetworkManager */ = {
			isa = XCSwiftPackageProductDependency;
			productName = NetworkManager;
		};
/* End XCSwiftPackageProductDependency section */

/* Begin XCVersionGroup section */
		2A00F18C2CA02D120099AD9D /* AppDB.xcdatamodeld */ = {
			isa = XCVersionGroup;
			children = (
				2A00F18D2CA02D120099AD9D /* AppDB.xcdatamodel */,
			);
			currentVersion = 2A00F18D2CA02D120099AD9D /* AppDB.xcdatamodel */;
			name = AppDB.xcdatamodeld;
			path = /Users/facilio/Documents/iOS/ZStore/ZStore/DB/AppDB.xcdatamodeld;
			sourceTree = "<group>";
			versionGroupType = wrapper.xcdatamodel;
		};
/* End XCVersionGroup section */
	};
	rootObject = 2A4BF40B2C9BEC4C00C96C35 /* Project object */;
}
